
Microsoft Visual Studio Solution File, Format Version 12.00
# Visual Studio Version 16
VisualStudioVersion = 16.0.30114.105
MinimumVisualStudioVersion = 10.0.40219.1
Project("{FAE04EC0-301F-11D3-BF4B-00C04F79EFBC}") = "ControleFinanceiro.API", "ControleFinanceiro.API\ControleFinanceiro.API.csproj", "{38B994E7-032F-4627-9889-6BC9C08FDD4A}"
EndProject
Project("{FAE04EC0-301F-11D3-BF4B-00C04F79EFBC}") = "ControleFinanceiro.BLL", "ControleFinanceiro.BLL\ControleFinanceiro.BLL.csproj", "{32576F36-8889-4AED-A38C-5304D47073EF}"
EndProject
Project("{FAE04EC0-301F-11D3-BF4B-00C04F79EFBC}") = "ControleFinanceiro.DAL", "ControleFinanceiro.DAL\ControleFinanceiro.DAL.csproj", "{97E235D8-BB01-4C15-85BF-D97A208493FB}"
EndProject
Global
	GlobalSection(SolutionConfigurationPlatforms) = preSolution
		Debug|Any CPU = Debug|Any CPU
		Release|Any CPU = Release|Any CPU
	EndGlobalSection
	GlobalSection(ProjectConfigurationPlatforms) = postSolution
		{38B994E7-032F-4627-9889-6BC9C08FDD4A}.Debug|Any CPU.ActiveCfg = Debug|Any CPU
		{38B994E7-032F-4627-9889-6BC9C08FDD4A}.Debug|Any CPU.Build.0 = Debug|Any CPU
		{38B994E7-032F-4627-9889-6BC9C08FDD4A}.Release|Any CPU.ActiveCfg = Release|Any CPU
		{38B994E7-032F-4627-9889-6BC9C08FDD4A}.Release|Any CPU.Build.0 = Release|Any CPU
		{32576F36-8889-4AED-A38C-5304D47073EF}.Debug|Any CPU.ActiveCfg = Debug|Any CPU
		{32576F36-8889-4AED-A38C-5304D47073EF}.Debug|Any CPU.Build.0 = Debug|Any CPU
		{32576F36-8889-4AED-A38C-5304D47073EF}.Release|Any CPU.ActiveCfg = Release|Any CPU
		{32576F36-8889-4AED-A38C-5304D47073EF}.Release|Any CPU.Build.0 = Release|Any CPU
		{97E235D8-BB01-4C15-85BF-D97A208493FB}.Debug|Any CPU.ActiveCfg = Debug|Any CPU
		{97E235D8-BB01-4C15-85BF-D97A208493FB}.Debug|Any CPU.Build.0 = Debug|Any CPU
		{97E235D8-BB01-4C15-85BF-D97A208493FB}.Release|Any CPU.ActiveCfg = Release|Any CPU
		{97E235D8-BB01-4C15-85BF-D97A208493FB}.Release|Any CPU.Build.0 = Release|Any CPU
	EndGlobalSection
	GlobalSection(SolutionProperties) = preSolution
		HideSolutionNode = FALSE
	EndGlobalSection
	GlobalSection(ExtensibilityGlobals) = postSolution
		SolutionGuid = {5430B4C4-1DB7-406D-A625-4BE84118FAE6}
	EndGlobalSection
EndGlobal
